
Microsoft Visual Studio Solution File, Format Version 12.00
# Visual Studio Version 17
VisualStudioVersion = 17.13.35825.156 d17.13
MinimumVisualStudioVersion = 10.0.40219.1
Project("{FAE04EC0-301F-11D3-BF4B-00C04F79EFBC}") = "EduSync.API", "EduSync.API.csproj", "{3B04A923-D109-A4F2-F3AB-E9A9112EE67A}"
EndProject
Global
	GlobalSection(SolutionConfigurationPlatforms) = preSolution
		Debug|Any CPU = Debug|Any CPU
		Release|Any CPU = Release|Any CPU
	EndGlobalSection
	GlobalSection(ProjectConfigurationPlatforms) = postSolution
		{3B04A923-D109-A4F2-F3AB-E9A9112EE67A}.Debug|Any CPU.ActiveCfg = Debug|Any CPU
		{3B04A923-D109-A4F2-F3AB-E9A9112EE67A}.Debug|Any CPU.Build.0 = Debug|Any CPU
		{3B04A923-D109-A4F2-F3AB-E9A9112EE67A}.Release|Any CPU.ActiveCfg = Release|Any CPU
		{3B04A923-D109-A4F2-F3AB-E9A9112EE67A}.Release|Any CPU.Build.0 = Release|Any CPU
	EndGlobalSection
	GlobalSection(SolutionProperties) = preSolution
		HideSolutionNode = FALSE
	EndGlobalSection
	GlobalSection(ExtensibilityGlobals) = postSolution
		SolutionGuid = {669F96B1-1777-4B36-80DD-4C6AE3360B6F}
	EndGlobalSection
EndGlobal
